// !$*UTF8*$!
{
	archiveVersion = 1;
	classes = {
	};
	objectVersion = 60;
	objects = {

/* Begin PBXBuildFile section */
		0C2A428B2C60940E003C0D37 /* DatabaseManager.swift in Sources */ = {isa = PBXBuildFile; fileRef = 0C2A428A2C60940E003C0D37 /* DatabaseManager.swift */; };
		0C2A428D2C6094AC003C0D37 /* AuthManager.swift in Sources */ = {isa = PBXBuildFile; fileRef = 0C2A428C2C6094AC003C0D37 /* AuthManager.swift */; };
		0C2A428F2C60954F003C0D37 /* StorageManager.swift in Sources */ = {isa = PBXBuildFile; fileRef = 0C2A428E2C60954F003C0D37 /* StorageManager.swift */; };
		0C45BDBF2CF460C600C12BA0 /* CodeScanner in Frameworks */ = {isa = PBXBuildFile; productRef = 0C45BDBE2CF460C600C12BA0 /* CodeScanner */; };
		0C45BDC12CF470CF00C12BA0 /* QRScanner.swift in Sources */ = {isa = PBXBuildFile; fileRef = 0C45BDC02CF470CF00C12BA0 /* QRScanner.swift */; };
		0C6D397B2D4F463000CE64EE /* GoogleService-Info.plist in Resources */ = {isa = PBXBuildFile; fileRef = 0C6D397A2D4F463000CE64EE /* GoogleService-Info.plist */; };
		0C8CB62A2C656C1300488833 /* IGFeedPostTableViewCell.swift in Sources */ = {isa = PBXBuildFile; fileRef = 0C8CB6292C656C1300488833 /* IGFeedPostTableViewCell.swift */; };
		0C8CB62D2C656DF000488833 /* IGFeedPostHeaderTableViewCell.swift in Sources */ = {isa = PBXBuildFile; fileRef = 0C8CB62C2C656DF000488833 /* IGFeedPostHeaderTableViewCell.swift */; };
		0C8CB62F2C656E1800488833 /* IGFeedPostActionsTableViewCell.swift in Sources */ = {isa = PBXBuildFile; fileRef = 0C8CB62E2C656E1800488833 /* IGFeedPostActionsTableViewCell.swift */; };
		0C8CB6312C656E3600488833 /* IGFeedPostGeneralTableViewCell.swift in Sources */ = {isa = PBXBuildFile; fileRef = 0C8CB6302C656E3600488833 /* IGFeedPostGeneralTableViewCell.swift */; };
		0C8CB6362C6595E000488833 /* PhotoCollectionViewCell.swift in Sources */ = {isa = PBXBuildFile; fileRef = 0C8CB6352C6595E000488833 /* PhotoCollectionViewCell.swift */; };
		0C8CB6382C65965800488833 /* ProfileInfoHeaderCollectionReusableView.swift in Sources */ = {isa = PBXBuildFile; fileRef = 0C8CB6372C65965800488833 /* ProfileInfoHeaderCollectionReusableView.swift */; };
		0C8CB63A2C65974F00488833 /* ProfileTabsCollectionReusableView.swift in Sources */ = {isa = PBXBuildFile; fileRef = 0C8CB6392C65974F00488833 /* ProfileTabsCollectionReusableView.swift */; };
		0C8CB63C2C66DAB800488833 /* Models.swift in Sources */ = {isa = PBXBuildFile; fileRef = 0C8CB63B2C66DAB800488833 /* Models.swift */; };
		0C8CB63E2C6AD6E400488833 /* UserFollowTableViewCell.swift in Sources */ = {isa = PBXBuildFile; fileRef = 0C8CB63D2C6AD6E400488833 /* UserFollowTableViewCell.swift */; };
		0C8CB6402C6D829B00488833 /* NoNotificaitonsView.swift in Sources */ = {isa = PBXBuildFile; fileRef = 0C8CB63F2C6D829B00488833 /* NoNotificaitonsView.swift */; };
		0C9D54722C5F2B1D0075AC6D /* AppDelegate.swift in Sources */ = {isa = PBXBuildFile; fileRef = 0C9D54712C5F2B1D0075AC6D /* AppDelegate.swift */; };
		0C9D54742C5F2B1D0075AC6D /* SceneDelegate.swift in Sources */ = {isa = PBXBuildFile; fileRef = 0C9D54732C5F2B1D0075AC6D /* SceneDelegate.swift */; };
		0C9D54762C5F2B1D0075AC6D /* HomeViewController.swift in Sources */ = {isa = PBXBuildFile; fileRef = 0C9D54752C5F2B1D0075AC6D /* HomeViewController.swift */; };
		0C9D54792C5F2B1D0075AC6D /* Base in Resources */ = {isa = PBXBuildFile; fileRef = 0C9D54782C5F2B1D0075AC6D /* Base */; };
		0C9D547B2C5F2B1E0075AC6D /* Assets.xcassets in Resources */ = {isa = PBXBuildFile; fileRef = 0C9D547A2C5F2B1E0075AC6D /* Assets.xcassets */; };
		0C9D547E2C5F2B1E0075AC6D /* Base in Resources */ = {isa = PBXBuildFile; fileRef = 0C9D547D2C5F2B1E0075AC6D /* Base */; };
		0C9D54A72C5F2F740075AC6D /* PostUploadViewController.swift in Sources */ = {isa = PBXBuildFile; fileRef = 0C9D54A62C5F2F740075AC6D /* PostUploadViewController.swift */; };
		0C9D54A92C5F2F970075AC6D /* CameraViewController.swift in Sources */ = {isa = PBXBuildFile; fileRef = 0C9D54A82C5F2F970075AC6D /* CameraViewController.swift */; };
		0C9D54AD2C5F2FB90075AC6D /* ProfileViewController.swift in Sources */ = {isa = PBXBuildFile; fileRef = 0C9D54AC2C5F2FB90075AC6D /* ProfileViewController.swift */; };
		0C9D54B32C5F39CA0075AC6D /* LoginViewController.swift in Sources */ = {isa = PBXBuildFile; fileRef = 0C9D54B22C5F39CA0075AC6D /* LoginViewController.swift */; };
		0C9D54B52C5F39D50075AC6D /* RegistrationViewController.swift in Sources */ = {isa = PBXBuildFile; fileRef = 0C9D54B42C5F39D50075AC6D /* RegistrationViewController.swift */; };
		0C9D54B72C5F39F40075AC6D /* PostViewController.swift in Sources */ = {isa = PBXBuildFile; fileRef = 0C9D54B62C5F39F40075AC6D /* PostViewController.swift */; };
		0C9D54B92C5F3A1E0075AC6D /* EditProfileViewController.swift in Sources */ = {isa = PBXBuildFile; fileRef = 0C9D54B82C5F3A1E0075AC6D /* EditProfileViewController.swift */; };
		0C9D54BB2C5F3A2E0075AC6D /* SettingsViewController.swift in Sources */ = {isa = PBXBuildFile; fileRef = 0C9D54BA2C5F3A2E0075AC6D /* SettingsViewController.swift */; };
		0C9D54C32C5F3AC90075AC6D /* PostEditViewController.swift in Sources */ = {isa = PBXBuildFile; fileRef = 0C9D54C22C5F3AC90075AC6D /* PostEditViewController.swift */; };
		0CA9C1302D2A1FF900D4577B /* InfoViewController.swift in Sources */ = {isa = PBXBuildFile; fileRef = 0CA9C12F2D2A1FF900D4577B /* InfoViewController.swift */; };
		0CA9C1342D2B0B6800D4577B /* InfoTableViewCell.swift in Sources */ = {isa = PBXBuildFile; fileRef = 0CA9C1332D2B0B6800D4577B /* InfoTableViewCell.swift */; };
		0CE36B602C60A19B00BECC60 /* Extensions.swift in Sources */ = {isa = PBXBuildFile; fileRef = 0CE36B5F2C60A19B00BECC60 /* Extensions.swift */; };
		0CEB6F4C2CFA824500C81CC0 /* CommentBarViewDelegate.swift in Sources */ = {isa = PBXBuildFile; fileRef = 0CEB6F4B2CFA824500C81CC0 /* CommentBarViewDelegate.swift */; };
		0CEB6F4E2CFA828200C81CC0 /* IGTextField.swift in Sources */ = {isa = PBXBuildFile; fileRef = 0CEB6F4D2CFA828200C81CC0 /* IGTextField.swift */; };
		0CEB6F502CFA833400C81CC0 /* PosterCollectionViewCell.swift in Sources */ = {isa = PBXBuildFile; fileRef = 0CEB6F4F2CFA833400C81CC0 /* PosterCollectionViewCell.swift */; };
		0CEB6F522CFA838700C81CC0 /* PostCollectionViewCell.swift in Sources */ = {isa = PBXBuildFile; fileRef = 0CEB6F512CFA838700C81CC0 /* PostCollectionViewCell.swift */; };
		0CEB6F542CFA83CA00C81CC0 /* PostActionsCollectionViewCell.swift in Sources */ = {isa = PBXBuildFile; fileRef = 0CEB6F532CFA83CA00C81CC0 /* PostActionsCollectionViewCell.swift */; };
		0CEB6F562CFA840200C81CC0 /* PostLikesCollectionViewCell.swift in Sources */ = {isa = PBXBuildFile; fileRef = 0CEB6F552CFA840200C81CC0 /* PostLikesCollectionViewCell.swift */; };
		0CEB6F582CFA845400C81CC0 /* PostCaptionCollectionViewCell.swift in Sources */ = {isa = PBXBuildFile; fileRef = 0CEB6F572CFA845400C81CC0 /* PostCaptionCollectionViewCell.swift */; };
		0CEB6F5A2CFA847300C81CC0 /* PostDateTimeCollectionViewCell.swift in Sources */ = {isa = PBXBuildFile; fileRef = 0CEB6F592CFA847300C81CC0 /* PostDateTimeCollectionViewCell.swift */; };
		0CEB6F5C2CFA84B200C81CC0 /* CommentCollectionViewCell.swift in Sources */ = {isa = PBXBuildFile; fileRef = 0CEB6F5B2CFA84B200C81CC0 /* CommentCollectionViewCell.swift */; };
		0CEB6F5E2CFA8AF900C81CC0 /* AdSupport.framework in Frameworks */ = {isa = PBXBuildFile; fileRef = 0CEB6F5D2CFA8AF900C81CC0 /* AdSupport.framework */; };
		0CEB6F602CFA9BFC00C81CC0 /* ProfileHeaderCountView.swift in Sources */ = {isa = PBXBuildFile; fileRef = 0CEB6F5F2CFA9BFC00C81CC0 /* ProfileHeaderCountView.swift */; };
		0CEB6F622CFA9C4B00C81CC0 /* ProfileHeaderCountViewViewModel.swift in Sources */ = {isa = PBXBuildFile; fileRef = 0CEB6F612CFA9C4B00C81CC0 /* ProfileHeaderCountViewViewModel.swift */; };
		0CEB6F642CFA9CA700C81CC0 /* IGFollowButton.swift in Sources */ = {isa = PBXBuildFile; fileRef = 0CEB6F632CFA9CA700C81CC0 /* IGFollowButton.swift */; };
		0CEB6F662CFA9D1700C81CC0 /* ListViewController.swift in Sources */ = {isa = PBXBuildFile; fileRef = 0CEB6F652CFA9D1700C81CC0 /* ListViewController.swift */; };
		0CEB6F682CFAA3E600C81CC0 /* ListUserTableViewCell.swift in Sources */ = {isa = PBXBuildFile; fileRef = 0CEB6F672CFAA3E600C81CC0 /* ListUserTableViewCell.swift */; };
		0CEB6F6A2CFAA41C00C81CC0 /* ListUserTableViewCellViewModel.swift in Sources */ = {isa = PBXBuildFile; fileRef = 0CEB6F692CFAA41C00C81CC0 /* ListUserTableViewCellViewModel.swift */; };
		0CEB6F6C2CFAAA7F00C81CC0 /* AnalyticsManager.swift in Sources */ = {isa = PBXBuildFile; fileRef = 0CEB6F6B2CFAAA7F00C81CC0 /* AnalyticsManager.swift */; };
		0CEB6F6E2CFAAAB300C81CC0 /* HapticsManager.swift in Sources */ = {isa = PBXBuildFile; fileRef = 0CEB6F6D2CFAAAB300C81CC0 /* HapticsManager.swift */; };
		0CEB6F702CFAABC700C81CC0 /* CaptionViewController.swift in Sources */ = {isa = PBXBuildFile; fileRef = 0CEB6F6F2CFAABC700C81CC0 /* CaptionViewController.swift */; };
		0CEB6F722CFABE0100C81CC0 /* Raven Shop.swift in Sources */ = {isa = PBXBuildFile; fileRef = 0CEB6F712CFABE0100C81CC0 /* Raven Shop.swift */; };
		0CEB6F742CFADB2200C81CC0 /* RavenShopData.swift in Sources */ = {isa = PBXBuildFile; fileRef = 0CEB6F732CFADB2200C81CC0 /* RavenShopData.swift */; };
		0CEB6F782CFADD1800C81CC0 /* ListElementView.swift in Sources */ = {isa = PBXBuildFile; fileRef = 0CEB6F772CFADD1800C81CC0 /* ListElementView.swift */; };
		0CEB6F7A2CFAE9E200C81CC0 /* ShopEditViewController.swift in Sources */ = {isa = PBXBuildFile; fileRef = 0CEB6F792CFAE9E200C81CC0 /* ShopEditViewController.swift */; };
		0CEB6F7C2CFAEB8500C81CC0 /* ShopCaptionViewController.swift in Sources */ = {isa = PBXBuildFile; fileRef = 0CEB6F7B2CFAEB8500C81CC0 /* ShopCaptionViewController.swift */; };
		0CEB6F7F2CFB094900C81CC0 /* SDWebImageSwiftUI in Frameworks */ = {isa = PBXBuildFile; productRef = 0CEB6F7E2CFB094900C81CC0 /* SDWebImageSwiftUI */; };
		0CEB6F812CFB0A9B00C81CC0 /* SDWebImageLoader.swift in Sources */ = {isa = PBXBuildFile; fileRef = 0CEB6F802CFB0A9B00C81CC0 /* SDWebImageLoader.swift */; };
		160E9C5F33769478BBAEDBF5 /* Pods_Raven_Rewards.framework in Frameworks */ = {isa = PBXBuildFile; fileRef = C42A433F8EB395E9B582BB16 /* Pods_Raven_Rewards.framework */; };
/* End PBXBuildFile section */

/* Begin PBXContainerItemProxy section */
		0C9D54852C5F2B1F0075AC6D /* PBXContainerItemProxy */ = {
			isa = PBXContainerItemProxy;
			containerPortal = 0C9D54662C5F2B1D0075AC6D /* Project object */;
			proxyType = 1;
			remoteGlobalIDString = 0C9D546D2C5F2B1D0075AC6D;
			remoteInfo = "Raven Rewards";
		};
		0C9D548F2C5F2B1F0075AC6D /* PBXContainerItemProxy */ = {
			isa = PBXContainerItemProxy;
			containerPortal = 0C9D54662C5F2B1D0075AC6D /* Project object */;
			proxyType = 1;
			remoteGlobalIDString = 0C9D546D2C5F2B1D0075AC6D;
			remoteInfo = "Raven Rewards";
		};
/* End PBXContainerItemProxy section */

/* Begin PBXFileReference section */
		0C2A428A2C60940E003C0D37 /* DatabaseManager.swift */ = {isa = PBXFileReference; lastKnownFileType = sourcecode.swift; path = DatabaseManager.swift; sourceTree = "<group>"; };
		0C2A428C2C6094AC003C0D37 /* AuthManager.swift */ = {isa = PBXFileReference; lastKnownFileType = sourcecode.swift; path = AuthManager.swift; sourceTree = "<group>"; };
		0C2A428E2C60954F003C0D37 /* StorageManager.swift */ = {isa = PBXFileReference; lastKnownFileType = sourcecode.swift; path = StorageManager.swift; sourceTree = "<group>"; };
		0C45BDC02CF470CF00C12BA0 /* QRScanner.swift */ = {isa = PBXFileReference; lastKnownFileType = sourcecode.swift; path = QRScanner.swift; sourceTree = "<group>"; };
		0C6D39792D4F2DDA00CE64EE /* Raven Rewards.entitlements */ = {isa = PBXFileReference; lastKnownFileType = text.plist.entitlements; path = "Raven Rewards.entitlements"; sourceTree = "<group>"; };
		0C6D397A2D4F463000CE64EE /* GoogleService-Info.plist */ = {isa = PBXFileReference; lastKnownFileType = text.plist.xml; path = "GoogleService-Info.plist"; sourceTree = "<group>"; };
		0C8CB6292C656C1300488833 /* IGFeedPostTableViewCell.swift */ = {isa = PBXFileReference; lastKnownFileType = sourcecode.swift; path = IGFeedPostTableViewCell.swift; sourceTree = "<group>"; };
		0C8CB62C2C656DF000488833 /* IGFeedPostHeaderTableViewCell.swift */ = {isa = PBXFileReference; lastKnownFileType = sourcecode.swift; path = IGFeedPostHeaderTableViewCell.swift; sourceTree = "<group>"; };
		0C8CB62E2C656E1800488833 /* IGFeedPostActionsTableViewCell.swift */ = {isa = PBXFileReference; lastKnownFileType = sourcecode.swift; path = IGFeedPostActionsTableViewCell.swift; sourceTree = "<group>"; };
		0C8CB6302C656E3600488833 /* IGFeedPostGeneralTableViewCell.swift */ = {isa = PBXFileReference; lastKnownFileType = sourcecode.swift; path = IGFeedPostGeneralTableViewCell.swift; sourceTree = "<group>"; };
		0C8CB6352C6595E000488833 /* PhotoCollectionViewCell.swift */ = {isa = PBXFileReference; lastKnownFileType = sourcecode.swift; path = PhotoCollectionViewCell.swift; sourceTree = "<group>"; };
		0C8CB6372C65965800488833 /* ProfileInfoHeaderCollectionReusableView.swift */ = {isa = PBXFileReference; lastKnownFileType = sourcecode.swift; path = ProfileInfoHeaderCollectionReusableView.swift; sourceTree = "<group>"; };
		0C8CB6392C65974F00488833 /* ProfileTabsCollectionReusableView.swift */ = {isa = PBXFileReference; lastKnownFileType = sourcecode.swift; path = ProfileTabsCollectionReusableView.swift; sourceTree = "<group>"; };
		0C8CB63B2C66DAB800488833 /* Models.swift */ = {isa = PBXFileReference; lastKnownFileType = sourcecode.swift; path = Models.swift; sourceTree = "<group>"; };
		0C8CB63D2C6AD6E400488833 /* UserFollowTableViewCell.swift */ = {isa = PBXFileReference; lastKnownFileType = sourcecode.swift; path = UserFollowTableViewCell.swift; sourceTree = "<group>"; };
		0C8CB63F2C6D829B00488833 /* NoNotificaitonsView.swift */ = {isa = PBXFileReference; lastKnownFileType = sourcecode.swift; path = NoNotificaitonsView.swift; sourceTree = "<group>"; };
		0C9D546E2C5F2B1D0075AC6D /* Raven Rewards.app */ = {isa = PBXFileReference; explicitFileType = wrapper.application; includeInIndex = 0; path = "Raven Rewards.app"; sourceTree = BUILT_PRODUCTS_DIR; };
		0C9D54712C5F2B1D0075AC6D /* AppDelegate.swift */ = {isa = PBXFileReference; lastKnownFileType = sourcecode.swift; path = AppDelegate.swift; sourceTree = "<group>"; };
		0C9D54732C5F2B1D0075AC6D /* SceneDelegate.swift */ = {isa = PBXFileReference; lastKnownFileType = sourcecode.swift; path = SceneDelegate.swift; sourceTree = "<group>"; };
		0C9D54752C5F2B1D0075AC6D /* HomeViewController.swift */ = {isa = PBXFileReference; lastKnownFileType = sourcecode.swift; path = HomeViewController.swift; sourceTree = "<group>"; };
		0C9D54782C5F2B1D0075AC6D /* Base */ = {isa = PBXFileReference; lastKnownFileType = file.storyboard; name = Base; path = Base.lproj/Main.storyboard; sourceTree = "<group>"; };
		0C9D547A2C5F2B1E0075AC6D /* Assets.xcassets */ = {isa = PBXFileReference; lastKnownFileType = folder.assetcatalog; path = Assets.xcassets; sourceTree = "<group>"; };
		0C9D547D2C5F2B1E0075AC6D /* Base */ = {isa = PBXFileReference; lastKnownFileType = file.storyboard; name = Base; path = Base.lproj/LaunchScreen.storyboard; sourceTree = "<group>"; };
		0C9D547F2C5F2B1E0075AC6D /* Info.plist */ = {isa = PBXFileReference; lastKnownFileType = text.plist.xml; path = Info.plist; sourceTree = "<group>"; };
		0C9D54842C5F2B1F0075AC6D /* Raven RewardsTests.xctest */ = {isa = PBXFileReference; explicitFileType = wrapper.cfbundle; includeInIndex = 0; path = "Raven RewardsTests.xctest"; sourceTree = BUILT_PRODUCTS_DIR; };
		0C9D548E2C5F2B1F0075AC6D /* Raven RewardsUITests.xctest */ = {isa = PBXFileReference; explicitFileType = wrapper.cfbundle; includeInIndex = 0; path = "Raven RewardsUITests.xctest"; sourceTree = BUILT_PRODUCTS_DIR; };
		0C9D54A62C5F2F740075AC6D /* PostUploadViewController.swift */ = {isa = PBXFileReference; lastKnownFileType = sourcecode.swift; path = PostUploadViewController.swift; sourceTree = "<group>"; };
		0C9D54A82C5F2F970075AC6D /* CameraViewController.swift */ = {isa = PBXFileReference; lastKnownFileType = sourcecode.swift; path = CameraViewController.swift; sourceTree = "<group>"; };
		0C9D54AC2C5F2FB90075AC6D /* ProfileViewController.swift */ = {isa = PBXFileReference; lastKnownFileType = sourcecode.swift; path = ProfileViewController.swift; sourceTree = "<group>"; };
		0C9D54B22C5F39CA0075AC6D /* LoginViewController.swift */ = {isa = PBXFileReference; lastKnownFileType = sourcecode.swift; path = LoginViewController.swift; sourceTree = "<group>"; };
		0C9D54B42C5F39D50075AC6D /* RegistrationViewController.swift */ = {isa = PBXFileReference; lastKnownFileType = sourcecode.swift; path = RegistrationViewController.swift; sourceTree = "<group>"; };
		0C9D54B62C5F39F40075AC6D /* PostViewController.swift */ = {isa = PBXFileReference; lastKnownFileType = sourcecode.swift; path = PostViewController.swift; sourceTree = "<group>"; };
		0C9D54B82C5F3A1E0075AC6D /* EditProfileViewController.swift */ = {isa = PBXFileReference; lastKnownFileType = sourcecode.swift; path = EditProfileViewController.swift; sourceTree = "<group>"; };
		0C9D54BA2C5F3A2E0075AC6D /* SettingsViewController.swift */ = {isa = PBXFileReference; lastKnownFileType = sourcecode.swift; path = SettingsViewController.swift; sourceTree = "<group>"; };
		0C9D54C22C5F3AC90075AC6D /* PostEditViewController.swift */ = {isa = PBXFileReference; lastKnownFileType = sourcecode.swift; path = PostEditViewController.swift; sourceTree = "<group>"; };
		0CA9C12F2D2A1FF900D4577B /* InfoViewController.swift */ = {isa = PBXFileReference; lastKnownFileType = sourcecode.swift; path = InfoViewController.swift; sourceTree = "<group>"; };
		0CA9C1332D2B0B6800D4577B /* InfoTableViewCell.swift */ = {isa = PBXFileReference; lastKnownFileType = sourcecode.swift; path = InfoTableViewCell.swift; sourceTree = "<group>"; };
		0CE36B5F2C60A19B00BECC60 /* Extensions.swift */ = {isa = PBXFileReference; lastKnownFileType = sourcecode.swift; path = Extensions.swift; sourceTree = "<group>"; };
		0CEB6F4B2CFA824500C81CC0 /* CommentBarViewDelegate.swift */ = {isa = PBXFileReference; lastKnownFileType = sourcecode.swift; path = CommentBarViewDelegate.swift; sourceTree = "<group>"; };
		0CEB6F4D2CFA828200C81CC0 /* IGTextField.swift */ = {isa = PBXFileReference; lastKnownFileType = sourcecode.swift; path = IGTextField.swift; sourceTree = "<group>"; };
		0CEB6F4F2CFA833400C81CC0 /* PosterCollectionViewCell.swift */ = {isa = PBXFileReference; lastKnownFileType = sourcecode.swift; path = PosterCollectionViewCell.swift; sourceTree = "<group>"; };
		0CEB6F512CFA838700C81CC0 /* PostCollectionViewCell.swift */ = {isa = PBXFileReference; lastKnownFileType = sourcecode.swift; path = PostCollectionViewCell.swift; sourceTree = "<group>"; };
		0CEB6F532CFA83CA00C81CC0 /* PostActionsCollectionViewCell.swift */ = {isa = PBXFileReference; lastKnownFileType = sourcecode.swift; path = PostActionsCollectionViewCell.swift; sourceTree = "<group>"; };
		0CEB6F552CFA840200C81CC0 /* PostLikesCollectionViewCell.swift */ = {isa = PBXFileReference; lastKnownFileType = sourcecode.swift; path = PostLikesCollectionViewCell.swift; sourceTree = "<group>"; };
		0CEB6F572CFA845400C81CC0 /* PostCaptionCollectionViewCell.swift */ = {isa = PBXFileReference; lastKnownFileType = sourcecode.swift; path = PostCaptionCollectionViewCell.swift; sourceTree = "<group>"; };
		0CEB6F592CFA847300C81CC0 /* PostDateTimeCollectionViewCell.swift */ = {isa = PBXFileReference; lastKnownFileType = sourcecode.swift; path = PostDateTimeCollectionViewCell.swift; sourceTree = "<group>"; };
		0CEB6F5B2CFA84B200C81CC0 /* CommentCollectionViewCell.swift */ = {isa = PBXFileReference; lastKnownFileType = sourcecode.swift; path = CommentCollectionViewCell.swift; sourceTree = "<group>"; };
		0CEB6F5D2CFA8AF900C81CC0 /* AdSupport.framework */ = {isa = PBXFileReference; lastKnownFileType = wrapper.framework; name = AdSupport.framework; path = System/Library/Frameworks/AdSupport.framework; sourceTree = SDKROOT; };
		0CEB6F5F2CFA9BFC00C81CC0 /* ProfileHeaderCountView.swift */ = {isa = PBXFileReference; lastKnownFileType = sourcecode.swift; path = ProfileHeaderCountView.swift; sourceTree = "<group>"; };
		0CEB6F612CFA9C4B00C81CC0 /* ProfileHeaderCountViewViewModel.swift */ = {isa = PBXFileReference; lastKnownFileType = sourcecode.swift; path = ProfileHeaderCountViewViewModel.swift; sourceTree = "<group>"; };
		0CEB6F632CFA9CA700C81CC0 /* IGFollowButton.swift */ = {isa = PBXFileReference; lastKnownFileType = sourcecode.swift; path = IGFollowButton.swift; sourceTree = "<group>"; };
		0CEB6F652CFA9D1700C81CC0 /* ListViewController.swift */ = {isa = PBXFileReference; lastKnownFileType = sourcecode.swift; name = ListViewController.swift; path = ../ListViewController.swift; sourceTree = "<group>"; };
		0CEB6F672CFAA3E600C81CC0 /* ListUserTableViewCell.swift */ = {isa = PBXFileReference; lastKnownFileType = sourcecode.swift; path = ListUserTableViewCell.swift; sourceTree = "<group>"; };
		0CEB6F692CFAA41C00C81CC0 /* ListUserTableViewCellViewModel.swift */ = {isa = PBXFileReference; lastKnownFileType = sourcecode.swift; path = ListUserTableViewCellViewModel.swift; sourceTree = "<group>"; };
		0CEB6F6B2CFAAA7F00C81CC0 /* AnalyticsManager.swift */ = {isa = PBXFileReference; lastKnownFileType = sourcecode.swift; path = AnalyticsManager.swift; sourceTree = "<group>"; };
		0CEB6F6D2CFAAAB300C81CC0 /* HapticsManager.swift */ = {isa = PBXFileReference; lastKnownFileType = sourcecode.swift; path = HapticsManager.swift; sourceTree = "<group>"; };
		0CEB6F6F2CFAABC700C81CC0 /* CaptionViewController.swift */ = {isa = PBXFileReference; lastKnownFileType = sourcecode.swift; path = CaptionViewController.swift; sourceTree = "<group>"; };
		0CEB6F712CFABE0100C81CC0 /* Raven Shop.swift */ = {isa = PBXFileReference; lastKnownFileType = sourcecode.swift; path = "Raven Shop.swift"; sourceTree = "<group>"; };
		0CEB6F732CFADB2200C81CC0 /* RavenShopData.swift */ = {isa = PBXFileReference; lastKnownFileType = sourcecode.swift; path = RavenShopData.swift; sourceTree = "<group>"; };
		0CEB6F772CFADD1800C81CC0 /* ListElementView.swift */ = {isa = PBXFileReference; lastKnownFileType = sourcecode.swift; path = ListElementView.swift; sourceTree = "<group>"; };
		0CEB6F792CFAE9E200C81CC0 /* ShopEditViewController.swift */ = {isa = PBXFileReference; lastKnownFileType = sourcecode.swift; path = ShopEditViewController.swift; sourceTree = "<group>"; };
		0CEB6F7B2CFAEB8500C81CC0 /* ShopCaptionViewController.swift */ = {isa = PBXFileReference; lastKnownFileType = sourcecode.swift; path = ShopCaptionViewController.swift; sourceTree = "<group>"; };
		0CEB6F802CFB0A9B00C81CC0 /* SDWebImageLoader.swift */ = {isa = PBXFileReference; lastKnownFileType = sourcecode.swift; path = SDWebImageLoader.swift; sourceTree = "<group>"; };
		16C9F46D94BF6EE617BB823D /* Pods-Raven Rewards.debug.xcconfig */ = {isa = PBXFileReference; includeInIndex = 1; lastKnownFileType = text.xcconfig; name = "Pods-Raven Rewards.debug.xcconfig"; path = "Target Support Files/Pods-Raven Rewards/Pods-Raven Rewards.debug.xcconfig"; sourceTree = "<group>"; };
		38EB0AF4294E360B7066B385 /* Pods-Raven Rewards.release.xcconfig */ = {isa = PBXFileReference; includeInIndex = 1; lastKnownFileType = text.xcconfig; name = "Pods-Raven Rewards.release.xcconfig"; path = "Target Support Files/Pods-Raven Rewards/Pods-Raven Rewards.release.xcconfig"; sourceTree = "<group>"; };
		C42A433F8EB395E9B582BB16 /* Pods_Raven_Rewards.framework */ = {isa = PBXFileReference; explicitFileType = wrapper.framework; includeInIndex = 0; path = Pods_Raven_Rewards.framework; sourceTree = BUILT_PRODUCTS_DIR; };
/* End PBXFileReference section */

/* Begin PBXFrameworksBuildPhase section */
		0C9D546B2C5F2B1D0075AC6D /* Frameworks */ = {
			isa = PBXFrameworksBuildPhase;
			buildActionMask = 2147483647;
			files = (
				0CEB6F7F2CFB094900C81CC0 /* SDWebImageSwiftUI in Frameworks */,
				0C45BDBF2CF460C600C12BA0 /* CodeScanner in Frameworks */,
				160E9C5F33769478BBAEDBF5 /* Pods_Raven_Rewards.framework in Frameworks */,
				0CEB6F5E2CFA8AF900C81CC0 /* AdSupport.framework in Frameworks */,
			);
			runOnlyForDeploymentPostprocessing = 0;
		};
		0C9D54812C5F2B1F0075AC6D /* Frameworks */ = {
			isa = PBXFrameworksBuildPhase;
			buildActionMask = 2147483647;
			files = (
			);
			runOnlyForDeploymentPostprocessing = 0;
		};
		0C9D548B2C5F2B1F0075AC6D /* Frameworks */ = {
			isa = PBXFrameworksBuildPhase;
			buildActionMask = 2147483647;
			files = (
			);
			runOnlyForDeploymentPostprocessing = 0;
		};
/* End PBXFrameworksBuildPhase section */

/* Begin PBXGroup section */
		0C589D1B2C6053B700A1E088 /* General */ = {
			isa = PBXGroup;
			children = (
				0C9D54BA2C5F3A2E0075AC6D /* SettingsViewController.swift */,
				0C9D54B62C5F39F40075AC6D /* PostViewController.swift */,
				0C9D54B82C5F3A1E0075AC6D /* EditProfileViewController.swift */,
				0CEB6F652CFA9D1700C81CC0 /* ListViewController.swift */,
				0C9D54C22C5F3AC90075AC6D /* PostEditViewController.swift */,
				0CEB6F5F2CFA9BFC00C81CC0 /* ProfileHeaderCountView.swift */,
				0CEB6F6F2CFAABC700C81CC0 /* CaptionViewController.swift */,
				0CEB6F732CFADB2200C81CC0 /* RavenShopData.swift */,
				0CEB6F772CFADD1800C81CC0 /* ListElementView.swift */,
				0CEB6F792CFAE9E200C81CC0 /* ShopEditViewController.swift */,
				0CEB6F7B2CFAEB8500C81CC0 /* ShopCaptionViewController.swift */,
				0CEB6F802CFB0A9B00C81CC0 /* SDWebImageLoader.swift */,
				0CA9C12F2D2A1FF900D4577B /* InfoViewController.swift */,
			);
			path = General;
			sourceTree = "<group>";
		};
		0C8CB6282C656BB300488833 /* Cells */ = {
			isa = PBXGroup;
			children = (
				0C8CB62B2C656DC000488833 /* Home Feed & Post */,
				0C8CB6352C6595E000488833 /* PhotoCollectionViewCell.swift */,
				0C8CB63D2C6AD6E400488833 /* UserFollowTableViewCell.swift */,
				0CEB6F4B2CFA824500C81CC0 /* CommentBarViewDelegate.swift */,
				0C9D547A2C5F2B1E0075AC6D /* Assets.xcassets */,
				0CEB6F4D2CFA828200C81CC0 /* IGTextField.swift */,
				0CA9C1332D2B0B6800D4577B /* InfoTableViewCell.swift */,
			);
			path = Cells;
			sourceTree = "<group>";
		};
		0C8CB62B2C656DC000488833 /* Home Feed & Post */ = {
			isa = PBXGroup;
			children = (
				0C8CB6292C656C1300488833 /* IGFeedPostTableViewCell.swift */,
				0C8CB62C2C656DF000488833 /* IGFeedPostHeaderTableViewCell.swift */,
				0C8CB62E2C656E1800488833 /* IGFeedPostActionsTableViewCell.swift */,
				0C8CB6302C656E3600488833 /* IGFeedPostGeneralTableViewCell.swift */,
				0CEB6F4F2CFA833400C81CC0 /* PosterCollectionViewCell.swift */,
				0CEB6F512CFA838700C81CC0 /* PostCollectionViewCell.swift */,
				0CEB6F532CFA83CA00C81CC0 /* PostActionsCollectionViewCell.swift */,
				0CEB6F552CFA840200C81CC0 /* PostLikesCollectionViewCell.swift */,
				0CEB6F572CFA845400C81CC0 /* PostCaptionCollectionViewCell.swift */,
				0CEB6F592CFA847300C81CC0 /* PostDateTimeCollectionViewCell.swift */,
				0CEB6F5B2CFA84B200C81CC0 /* CommentCollectionViewCell.swift */,
			);
			path = "Home Feed & Post";
			sourceTree = "<group>";
		};
		0C8CB6342C65959300488833 /* CollectionView Headers */ = {
			isa = PBXGroup;
			children = (
				0C8CB6372C65965800488833 /* ProfileInfoHeaderCollectionReusableView.swift */,
				0C8CB6392C65974F00488833 /* ProfileTabsCollectionReusableView.swift */,
			);
			path = "CollectionView Headers";
			sourceTree = "<group>";
		};
		0C9D54652C5F2B1D0075AC6D = {
			isa = PBXGroup;
			children = (
				0C9D54702C5F2B1D0075AC6D /* Raven Rewards */,
				0C9D546F2C5F2B1D0075AC6D /* Products */,
				B9E576E1C861214E5486DBE0 /* Pods */,
				4BEF64CF305E68EB6C932E64 /* Frameworks */,
			);
			sourceTree = "<group>";
		};
		0C9D546F2C5F2B1D0075AC6D /* Products */ = {
			isa = PBXGroup;
			children = (
				0C9D546E2C5F2B1D0075AC6D /* Raven Rewards.app */,
				0C9D54842C5F2B1F0075AC6D /* Raven RewardsTests.xctest */,
				0C9D548E2C5F2B1F0075AC6D /* Raven RewardsUITests.xctest */,
			);
			name = Products;
			sourceTree = "<group>";
		};
		0C9D54702C5F2B1D0075AC6D /* Raven Rewards */ = {
			isa = PBXGroup;
			children = (
				0C6D39792D4F2DDA00CE64EE /* Raven Rewards.entitlements */,
				0C9D54A42C5F2D7F0075AC6D /* Resources */,
				0C9D54A32C5F2D770075AC6D /* Models */,
				0C9D54A22C5F2D690075AC6D /* Views */,
				0C9D54A12C5F2D5F0075AC6D /* Controllers */,
				0C9D547F2C5F2B1E0075AC6D /* Info.plist */,
			);
			path = "Raven Rewards";
			sourceTree = "<group>";
		};
		0C9D54A12C5F2D5F0075AC6D /* Controllers */ = {
			isa = PBXGroup;
			children = (
				0C9D54AF2C5F39870075AC6D /* Other */,
				0C9D54AE2C5F37D60075AC6D /* Core Tabs */,
			);
			path = Controllers;
			sourceTree = "<group>";
		};
		0C9D54A22C5F2D690075AC6D /* Views */ = {
			isa = PBXGroup;
			children = (
				0C8CB6342C65959300488833 /* CollectionView Headers */,
				0C8CB6282C656BB300488833 /* Cells */,
				0C9D54A52C5F2E030075AC6D /* Storyboards */,
				0C8CB63F2C6D829B00488833 /* NoNotificaitonsView.swift */,
				0CEB6F672CFAA3E600C81CC0 /* ListUserTableViewCell.swift */,
				0CEB6F632CFA9CA700C81CC0 /* IGFollowButton.swift */,
			);
			path = Views;
			sourceTree = "<group>";
		};
		0C9D54A32C5F2D770075AC6D /* Models */ = {
			isa = PBXGroup;
			children = (
				0C8CB63B2C66DAB800488833 /* Models.swift */,
				0CEB6F612CFA9C4B00C81CC0 /* ProfileHeaderCountViewViewModel.swift */,
				0CEB6F692CFAA41C00C81CC0 /* ListUserTableViewCellViewModel.swift */,
			);
			path = Models;
			sourceTree = "<group>";
		};
		0C9D54A42C5F2D7F0075AC6D /* Resources */ = {
			isa = PBXGroup;
			children = (
				0C6D397A2D4F463000CE64EE /* GoogleService-Info.plist */,
				0C9D54732C5F2B1D0075AC6D /* SceneDelegate.swift */,
				0C9D54712C5F2B1D0075AC6D /* AppDelegate.swift */,
				0C2A428A2C60940E003C0D37 /* DatabaseManager.swift */,
				0C2A428C2C6094AC003C0D37 /* AuthManager.swift */,
				0C2A428E2C60954F003C0D37 /* StorageManager.swift */,
				0CE36B5F2C60A19B00BECC60 /* Extensions.swift */,
				0CEB6F6B2CFAAA7F00C81CC0 /* AnalyticsManager.swift */,
				0CEB6F6D2CFAAAB300C81CC0 /* HapticsManager.swift */,
			);
			path = Resources;
			sourceTree = "<group>";
		};
		0C9D54A52C5F2E030075AC6D /* Storyboards */ = {
			isa = PBXGroup;
			children = (
				0C9D54772C5F2B1D0075AC6D /* Main.storyboard */,
				0C9D547C2C5F2B1E0075AC6D /* LaunchScreen.storyboard */,
			);
			path = Storyboards;
			sourceTree = "<group>";
		};
		0C9D54AE2C5F37D60075AC6D /* Core Tabs */ = {
			isa = PBXGroup;
			children = (
				0C9D54752C5F2B1D0075AC6D /* HomeViewController.swift */,
				0C9D54A62C5F2F740075AC6D /* PostUploadViewController.swift */,
				0C9D54A82C5F2F970075AC6D /* CameraViewController.swift */,
				0C9D54AC2C5F2FB90075AC6D /* ProfileViewController.swift */,
				0C45BDC02CF470CF00C12BA0 /* QRScanner.swift */,
				0CEB6F712CFABE0100C81CC0 /* Raven Shop.swift */,
			);
			path = "Core Tabs";
			sourceTree = "<group>";
		};
		0C9D54AF2C5F39870075AC6D /* Other */ = {
			isa = PBXGroup;
			children = (
				0C9D54B02C5F398F0075AC6D /* Onboarding */,
				0C589D1B2C6053B700A1E088 /* General */,
			);
			path = Other;
			sourceTree = "<group>";
		};
		0C9D54B02C5F398F0075AC6D /* Onboarding */ = {
			isa = PBXGroup;
			children = (
				0C9D54B42C5F39D50075AC6D /* RegistrationViewController.swift */,
				0C9D54B22C5F39CA0075AC6D /* LoginViewController.swift */,
			);
			path = Onboarding;
			sourceTree = "<group>";
		};
		4BEF64CF305E68EB6C932E64 /* Frameworks */ = {
			isa = PBXGroup;
			children = (
				0CEB6F5D2CFA8AF900C81CC0 /* AdSupport.framework */,
				C42A433F8EB395E9B582BB16 /* Pods_Raven_Rewards.framework */,
			);
			name = Frameworks;
			sourceTree = "<group>";
		};
		B9E576E1C861214E5486DBE0 /* Pods */ = {
			isa = PBXGroup;
			children = (
				16C9F46D94BF6EE617BB823D /* Pods-Raven Rewards.debug.xcconfig */,
				38EB0AF4294E360B7066B385 /* Pods-Raven Rewards.release.xcconfig */,
			);
			path = Pods;
			sourceTree = "<group>";
		};
/* End PBXGroup section */

/* Begin PBXNativeTarget section */
		0C9D546D2C5F2B1D0075AC6D /* Raven Rewards */ = {
			isa = PBXNativeTarget;
			buildConfigurationList = 0C9D54982C5F2B1F0075AC6D /* Build configuration list for PBXNativeTarget "Raven Rewards" */;
			buildPhases = (
				EA08205E50D54B7490F82B47 /* [CP] Check Pods Manifest.lock */,
				0C9D546A2C5F2B1D0075AC6D /* Sources */,
				0C9D546B2C5F2B1D0075AC6D /* Frameworks */,
				0C9D546C2C5F2B1D0075AC6D /* Resources */,
				C7A48507D75C554A6EBAC37D /* [CP] Embed Pods Frameworks */,
			);
			buildRules = (
			);
			dependencies = (
			);
			name = "Raven Rewards";
			packageProductDependencies = (
				0C45BDBE2CF460C600C12BA0 /* CodeScanner */,
				0CEB6F7E2CFB094900C81CC0 /* SDWebImageSwiftUI */,
			);
			productName = "Raven Rewards";
			productReference = 0C9D546E2C5F2B1D0075AC6D /* Raven Rewards.app */;
			productType = "com.apple.product-type.application";
		};
		0C9D54832C5F2B1F0075AC6D /* Raven RewardsTests */ = {
			isa = PBXNativeTarget;
			buildConfigurationList = 0C9D549B2C5F2B1F0075AC6D /* Build configuration list for PBXNativeTarget "Raven RewardsTests" */;
			buildPhases = (
				0C9D54802C5F2B1F0075AC6D /* Sources */,
				0C9D54812C5F2B1F0075AC6D /* Frameworks */,
				0C9D54822C5F2B1F0075AC6D /* Resources */,
			);
			buildRules = (
			);
			dependencies = (
				0C9D54862C5F2B1F0075AC6D /* PBXTargetDependency */,
			);
			name = "Raven RewardsTests";
			productName = "Raven RewardsTests";
			productReference = 0C9D54842C5F2B1F0075AC6D /* Raven RewardsTests.xctest */;
			productType = "com.apple.product-type.bundle.unit-test";
		};
		0C9D548D2C5F2B1F0075AC6D /* Raven RewardsUITests */ = {
			isa = PBXNativeTarget;
			buildConfigurationList = 0C9D549E2C5F2B1F0075AC6D /* Build configuration list for PBXNativeTarget "Raven RewardsUITests" */;
			buildPhases = (
				0C9D548A2C5F2B1F0075AC6D /* Sources */,
				0C9D548B2C5F2B1F0075AC6D /* Frameworks */,
				0C9D548C2C5F2B1F0075AC6D /* Resources */,
			);
			buildRules = (
			);
			dependencies = (
				0C9D54902C5F2B1F0075AC6D /* PBXTargetDependency */,
			);
			name = "Raven RewardsUITests";
			productName = "Raven RewardsUITests";
			productReference = 0C9D548E2C5F2B1F0075AC6D /* Raven RewardsUITests.xctest */;
			productType = "com.apple.product-type.bundle.ui-testing";
		};
/* End PBXNativeTarget section */

/* Begin PBXProject section */
		0C9D54662C5F2B1D0075AC6D /* Project object */ = {
			isa = PBXProject;
			attributes = {
				BuildIndependentTargetsInParallel = 1;
				LastSwiftUpdateCheck = 1540;
				LastUpgradeCheck = 1540;
				TargetAttributes = {
					0C9D546D2C5F2B1D0075AC6D = {
						CreatedOnToolsVersion = 15.4;
					};
					0C9D54832C5F2B1F0075AC6D = {
						CreatedOnToolsVersion = 15.4;
						TestTargetID = 0C9D546D2C5F2B1D0075AC6D;
					};
					0C9D548D2C5F2B1F0075AC6D = {
						CreatedOnToolsVersion = 15.4;
						TestTargetID = 0C9D546D2C5F2B1D0075AC6D;
					};
				};
			};
			buildConfigurationList = 0C9D54692C5F2B1D0075AC6D /* Build configuration list for PBXProject "Raven Rewards" */;
			compatibilityVersion = "Xcode 15.0";
			developmentRegion = en;
			hasScannedForEncodings = 0;
			knownRegions = (
				en,
				Base,
			);
			mainGroup = 0C9D54652C5F2B1D0075AC6D;
			packageReferences = (
				0CF0C73F2C602E85001209F0 /* XCRemoteSwiftPackageReference "firebase-ios-sdk" */,
				0C45BDBD2CF45EE900C12BA0 /* XCRemoteSwiftPackageReference "CodeScanner" */,
				0CEB6F7D2CFB094900C81CC0 /* XCRemoteSwiftPackageReference "SDWebImageSwiftUI" */,
			);
			productRefGroup = 0C9D546F2C5F2B1D0075AC6D /* Products */;
			projectDirPath = "";
			projectRoot = "";
			targets = (
				0C9D546D2C5F2B1D0075AC6D /* Raven Rewards */,
				0C9D54832C5F2B1F0075AC6D /* Raven RewardsTests */,
				0C9D548D2C5F2B1F0075AC6D /* Raven RewardsUITests */,
			);
		};
/* End PBXProject section */

/* Begin PBXResourcesBuildPhase section */
		0C9D546C2C5F2B1D0075AC6D /* Resources */ = {
			isa = PBXResourcesBuildPhase;
			buildActionMask = 2147483647;
			files = (
				0C9D547B2C5F2B1E0075AC6D /* Assets.xcassets in Resources */,
				0C6D397B2D4F463000CE64EE /* GoogleService-Info.plist in Resources */,
				0C9D547E2C5F2B1E0075AC6D /* Base in Resources */,
				0C9D54792C5F2B1D0075AC6D /* Base in Resources */,
			);
			runOnlyForDeploymentPostprocessing = 0;
		};
		0C9D54822C5F2B1F0075AC6D /* Resources */ = {
			isa = PBXResourcesBuildPhase;
			buildActionMask = 2147483647;
			files = (
			);
			runOnlyForDeploymentPostprocessing = 0;
		};
		0C9D548C2C5F2B1F0075AC6D /* Resources */ = {
			isa = PBXResourcesBuildPhase;
			buildActionMask = 2147483647;
			files = (
			);
			runOnlyForDeploymentPostprocessing = 0;
		};
/* End PBXResourcesBuildPhase section */

/* Begin PBXShellScriptBuildPhase section */
		C7A48507D75C554A6EBAC37D /* [CP] Embed Pods Frameworks */ = {
			isa = PBXShellScriptBuildPhase;
			buildActionMask = 2147483647;
			files = (
			);
			inputFileListPaths = (
				"${PODS_ROOT}/Target Support Files/Pods-Raven Rewards/Pods-Raven Rewards-frameworks-${CONFIGURATION}-input-files.xcfilelist",
			);
			name = "[CP] Embed Pods Frameworks";
			outputFileListPaths = (
				"${PODS_ROOT}/Target Support Files/Pods-Raven Rewards/Pods-Raven Rewards-frameworks-${CONFIGURATION}-output-files.xcfilelist",
			);
			runOnlyForDeploymentPostprocessing = 0;
			shellPath = /bin/sh;
			shellScript = "\"${PODS_ROOT}/Target Support Files/Pods-Raven Rewards/Pods-Raven Rewards-frameworks.sh\"\n";
			showEnvVarsInLog = 0;
		};
		EA08205E50D54B7490F82B47 /* [CP] Check Pods Manifest.lock */ = {
			isa = PBXShellScriptBuildPhase;
			buildActionMask = 2147483647;
			files = (
			);
			inputFileListPaths = (
			);
			inputPaths = (
				"${PODS_PODFILE_DIR_PATH}/Podfile.lock",
				"${PODS_ROOT}/Manifest.lock",
			);
			name = "[CP] Check Pods Manifest.lock";
			outputFileListPaths = (
			);
			outputPaths = (
				"$(DERIVED_FILE_DIR)/Pods-Raven Rewards-checkManifestLockResult.txt",
			);
			runOnlyForDeploymentPostprocessing = 0;
			shellPath = /bin/sh;
			shellScript = "diff \"${PODS_PODFILE_DIR_PATH}/Podfile.lock\" \"${PODS_ROOT}/Manifest.lock\" > /dev/null\nif [ $? != 0 ] ; then\n    # print error to STDERR\n    echo \"error: The sandbox is not in sync with the Podfile.lock. Run 'pod install' or update your CocoaPods installation.\" >&2\n    exit 1\nfi\n# This output is used by Xcode 'outputs' to avoid re-running this script phase.\necho \"SUCCESS\" > \"${SCRIPT_OUTPUT_FILE_0}\"\n";
			showEnvVarsInLog = 0;
		};
/* End PBXShellScriptBuildPhase section */

/* Begin PBXSourcesBuildPhase section */
		0C9D546A2C5F2B1D0075AC6D /* Sources */ = {
			isa = PBXSourcesBuildPhase;
			buildActionMask = 2147483647;
			files = (
				0CA9C1342D2B0B6800D4577B /* InfoTableViewCell.swift in Sources */,
				0CEB6F742CFADB2200C81CC0 /* RavenShopData.swift in Sources */,
				0CEB6F702CFAABC700C81CC0 /* CaptionViewController.swift in Sources */,
				0C9D54B92C5F3A1E0075AC6D /* EditProfileViewController.swift in Sources */,
				0CEB6F562CFA840200C81CC0 /* PostLikesCollectionViewCell.swift in Sources */,
				0C9D54A72C5F2F740075AC6D /* PostUploadViewController.swift in Sources */,
				0C9D54A92C5F2F970075AC6D /* CameraViewController.swift in Sources */,
				0CEB6F6A2CFAA41C00C81CC0 /* ListUserTableViewCellViewModel.swift in Sources */,
				0CEB6F782CFADD1800C81CC0 /* ListElementView.swift in Sources */,
				0C45BDC12CF470CF00C12BA0 /* QRScanner.swift in Sources */,
				0CEB6F522CFA838700C81CC0 /* PostCollectionViewCell.swift in Sources */,
				0C9D54762C5F2B1D0075AC6D /* HomeViewController.swift in Sources */,
				0CEB6F7C2CFAEB8500C81CC0 /* ShopCaptionViewController.swift in Sources */,
				0C9D54B52C5F39D50075AC6D /* RegistrationViewController.swift in Sources */,
				0CEB6F542CFA83CA00C81CC0 /* PostActionsCollectionViewCell.swift in Sources */,
				0C8CB6402C6D829B00488833 /* NoNotificaitonsView.swift in Sources */,
				0CEB6F7A2CFAE9E200C81CC0 /* ShopEditViewController.swift in Sources */,
				0C8CB62D2C656DF000488833 /* IGFeedPostHeaderTableViewCell.swift in Sources */,
				0CEB6F5C2CFA84B200C81CC0 /* CommentCollectionViewCell.swift in Sources */,
				0C9D54C32C5F3AC90075AC6D /* PostEditViewController.swift in Sources */,
				0C2A428F2C60954F003C0D37 /* StorageManager.swift in Sources */,
				0CEB6F722CFABE0100C81CC0 /* Raven Shop.swift in Sources */,
				0C8CB63E2C6AD6E400488833 /* UserFollowTableViewCell.swift in Sources */,
				0CA9C1302D2A1FF900D4577B /* InfoViewController.swift in Sources */,
				0CEB6F682CFAA3E600C81CC0 /* ListUserTableViewCell.swift in Sources */,
				0C8CB63C2C66DAB800488833 /* Models.swift in Sources */,
				0CEB6F4E2CFA828200C81CC0 /* IGTextField.swift in Sources */,
				0CEB6F6E2CFAAAB300C81CC0 /* HapticsManager.swift in Sources */,
				0C9D54B72C5F39F40075AC6D /* PostViewController.swift in Sources */,
				0C8CB63A2C65974F00488833 /* ProfileTabsCollectionReusableView.swift in Sources */,
				0CEB6F642CFA9CA700C81CC0 /* IGFollowButton.swift in Sources */,
				0C2A428B2C60940E003C0D37 /* DatabaseManager.swift in Sources */,
				0C8CB62A2C656C1300488833 /* IGFeedPostTableViewCell.swift in Sources */,
				0C8CB6362C6595E000488833 /* PhotoCollectionViewCell.swift in Sources */,
				0CEB6F6C2CFAAA7F00C81CC0 /* AnalyticsManager.swift in Sources */,
				0C9D54B32C5F39CA0075AC6D /* LoginViewController.swift in Sources */,
				0CEB6F4C2CFA824500C81CC0 /* CommentBarViewDelegate.swift in Sources */,
				0CE36B602C60A19B00BECC60 /* Extensions.swift in Sources */,
				0CEB6F812CFB0A9B00C81CC0 /* SDWebImageLoader.swift in Sources */,
				0CEB6F622CFA9C4B00C81CC0 /* ProfileHeaderCountViewViewModel.swift in Sources */,
				0C8CB6312C656E3600488833 /* IGFeedPostGeneralTableViewCell.swift in Sources */,
				0C8CB6382C65965800488833 /* ProfileInfoHeaderCollectionReusableView.swift in Sources */,
				0C9D54AD2C5F2FB90075AC6D /* ProfileViewController.swift in Sources */,
				0C2A428D2C6094AC003C0D37 /* AuthManager.swift in Sources */,
				0C9D54722C5F2B1D0075AC6D /* AppDelegate.swift in Sources */,
				0CEB6F5A2CFA847300C81CC0 /* PostDateTimeCollectionViewCell.swift in Sources */,
				0C9D54742C5F2B1D0075AC6D /* SceneDelegate.swift in Sources */,
				0CEB6F602CFA9BFC00C81CC0 /* ProfileHeaderCountView.swift in Sources */,
				0CEB6F662CFA9D1700C81CC0 /* ListViewController.swift in Sources */,
				0C8CB62F2C656E1800488833 /* IGFeedPostActionsTableViewCell.swift in Sources */,
				0CEB6F502CFA833400C81CC0 /* PosterCollectionViewCell.swift in Sources */,
				0C9D54BB2C5F3A2E0075AC6D /* SettingsViewController.swift in Sources */,
				0CEB6F582CFA845400C81CC0 /* PostCaptionCollectionViewCell.swift in Sources */,
			);
			runOnlyForDeploymentPostprocessing = 0;
		};
		0C9D54802C5F2B1F0075AC6D /* Sources */ = {
			isa = PBXSourcesBuildPhase;
			buildActionMask = 2147483647;
			files = (
			);
			runOnlyForDeploymentPostprocessing = 0;
		};
		0C9D548A2C5F2B1F0075AC6D /* Sources */ = {
			isa = PBXSourcesBuildPhase;
			buildActionMask = 2147483647;
			files = (
			);
			runOnlyForDeploymentPostprocessing = 0;
		};
/* End PBXSourcesBuildPhase section */

/* Begin PBXTargetDependency section */
		0C9D54862C5F2B1F0075AC6D /* PBXTargetDependency */ = {
			isa = PBXTargetDependency;
			target = 0C9D546D2C5F2B1D0075AC6D /* Raven Rewards */;
			targetProxy = 0C9D54852C5F2B1F0075AC6D /* PBXContainerItemProxy */;
		};
		0C9D54902C5F2B1F0075AC6D /* PBXTargetDependency */ = {
			isa = PBXTargetDependency;
			target = 0C9D546D2C5F2B1D0075AC6D /* Raven Rewards */;
			targetProxy = 0C9D548F2C5F2B1F0075AC6D /* PBXContainerItemProxy */;
		};
/* End PBXTargetDependency section */

/* Begin PBXVariantGroup section */
		0C9D54772C5F2B1D0075AC6D /* Main.storyboard */ = {
			isa = PBXVariantGroup;
			children = (
				0C9D54782C5F2B1D0075AC6D /* Base */,
			);
			name = Main.storyboard;
			sourceTree = "<group>";
		};
		0C9D547C2C5F2B1E0075AC6D /* LaunchScreen.storyboard */ = {
			isa = PBXVariantGroup;
			children = (
				0C9D547D2C5F2B1E0075AC6D /* Base */,
			);
			name = LaunchScreen.storyboard;
			sourceTree = "<group>";
		};
/* End PBXVariantGroup section */

/* Begin XCBuildConfiguration section */
		0C9D54962C5F2B1F0075AC6D /* Debug */ = {
			isa = XCBuildConfiguration;
			buildSettings = {
				ALWAYS_SEARCH_USER_PATHS = NO;
				ASSETCATALOG_COMPILER_GENERATE_SWIFT_ASSET_SYMBOL_EXTENSIONS = YES;
				CLANG_ANALYZER_NONNULL = YES;
				CLANG_ANALYZER_NUMBER_OBJECT_CONVERSION = YES_AGGRESSIVE;
				CLANG_CXX_LANGUAGE_STANDARD = "gnu++20";
				CLANG_ENABLE_MODULES = YES;
				CLANG_ENABLE_OBJC_ARC = YES;
				CLANG_ENABLE_OBJC_WEAK = YES;
				CLANG_WARN_BLOCK_CAPTURE_AUTORELEASING = YES;
				CLANG_WARN_BOOL_CONVERSION = YES;
				CLANG_WARN_COMMA = YES;
				CLANG_WARN_CONSTANT_CONVERSION = YES;
				CLANG_WARN_DEPRECATED_OBJC_IMPLEMENTATIONS = YES;
				CLANG_WARN_DIRECT_OBJC_ISA_USAGE = YES_ERROR;
				CLANG_WARN_DOCUMENTATION_COMMENTS = YES;
				CLANG_WARN_EMPTY_BODY = YES;
				CLANG_WARN_ENUM_CONVERSION = YES;
				CLANG_WARN_INFINITE_RECURSION = YES;
				CLANG_WARN_INT_CONVERSION = YES;
				CLANG_WARN_NON_LITERAL_NULL_CONVERSION = YES;
				CLANG_WARN_OBJC_IMPLICIT_RETAIN_SELF = YES;
				CLANG_WARN_OBJC_LITERAL_CONVERSION = YES;
				CLANG_WARN_OBJC_ROOT_CLASS = YES_ERROR;
				CLANG_WARN_QUOTED_INCLUDE_IN_FRAMEWORK_HEADER = NO;
				CLANG_WARN_RANGE_LOOP_ANALYSIS = YES;
				CLANG_WARN_STRICT_PROTOTYPES = YES;
				CLANG_WARN_SUSPICIOUS_MOVE = YES;
				CLANG_WARN_UNGUARDED_AVAILABILITY = YES_AGGRESSIVE;
				CLANG_WARN_UNREACHABLE_CODE = YES;
				CLANG_WARN__DUPLICATE_METHOD_MATCH = YES;
				COPY_PHASE_STRIP = NO;
				DEBUG_INFORMATION_FORMAT = dwarf;
				ENABLE_STRICT_OBJC_MSGSEND = YES;
				ENABLE_TESTABILITY = YES;
				ENABLE_USER_SCRIPT_SANDBOXING = NO;
				GCC_C_LANGUAGE_STANDARD = gnu17;
				GCC_DYNAMIC_NO_PIC = NO;
				GCC_NO_COMMON_BLOCKS = YES;
				GCC_OPTIMIZATION_LEVEL = 0;
				GCC_PREPROCESSOR_DEFINITIONS = (
					"DEBUG=1",
					"$(inherited)",
				);
				GCC_WARN_64_TO_32_BIT_CONVERSION = YES;
				GCC_WARN_ABOUT_RETURN_TYPE = YES_ERROR;
				GCC_WARN_UNDECLARED_SELECTOR = YES;
				GCC_WARN_UNINITIALIZED_AUTOS = YES_AGGRESSIVE;
				GCC_WARN_UNUSED_FUNCTION = YES;
				GCC_WARN_UNUSED_VARIABLE = YES;
				IPHONEOS_DEPLOYMENT_TARGET = 17.5;
				LOCALIZATION_PREFERS_STRING_CATALOGS = YES;
				MTL_ENABLE_DEBUG_INFO = INCLUDE_SOURCE;
				MTL_FAST_MATH = YES;
				ONLY_ACTIVE_ARCH = YES;
				SDKROOT = iphoneos;
				SWIFT_ACTIVE_COMPILATION_CONDITIONS = "DEBUG $(inherited)";
				SWIFT_OPTIMIZATION_LEVEL = "-Onone";
			};
			name = Debug;
		};
		0C9D54972C5F2B1F0075AC6D /* Release */ = {
			isa = XCBuildConfiguration;
			buildSettings = {
				ALWAYS_SEARCH_USER_PATHS = NO;
				ASSETCATALOG_COMPILER_GENERATE_SWIFT_ASSET_SYMBOL_EXTENSIONS = YES;
				CLANG_ANALYZER_NONNULL = YES;
				CLANG_ANALYZER_NUMBER_OBJECT_CONVERSION = YES_AGGRESSIVE;
				CLANG_CXX_LANGUAGE_STANDARD = "gnu++20";
				CLANG_ENABLE_MODULES = YES;
				CLANG_ENABLE_OBJC_ARC = YES;
				CLANG_ENABLE_OBJC_WEAK = YES;
				CLANG_WARN_BLOCK_CAPTURE_AUTORELEASING = YES;
				CLANG_WARN_BOOL_CONVERSION = YES;
				CLANG_WARN_COMMA = YES;
				CLANG_WARN_CONSTANT_CONVERSION = YES;
				CLANG_WARN_DEPRECATED_OBJC_IMPLEMENTATIONS = YES;
				CLANG_WARN_DIRECT_OBJC_ISA_USAGE = YES_ERROR;
				CLANG_WARN_DOCUMENTATION_COMMENTS = YES;
				CLANG_WARN_EMPTY_BODY = YES;
				CLANG_WARN_ENUM_CONVERSION = YES;
				CLANG_WARN_INFINITE_RECURSION = YES;
				CLANG_WARN_INT_CONVERSION = YES;
				CLANG_WARN_NON_LITERAL_NULL_CONVERSION = YES;
				CLANG_WARN_OBJC_IMPLICIT_RETAIN_SELF = YES;
				CLANG_WARN_OBJC_LITERAL_CONVERSION = YES;
				CLANG_WARN_OBJC_ROOT_CLASS = YES_ERROR;
				CLANG_WARN_QUOTED_INCLUDE_IN_FRAMEWORK_HEADER = NO;
				CLANG_WARN_RANGE_LOOP_ANALYSIS = YES;
				CLANG_WARN_STRICT_PROTOTYPES = YES;
				CLANG_WARN_SUSPICIOUS_MOVE = YES;
				CLANG_WARN_UNGUARDED_AVAILABILITY = YES_AGGRESSIVE;
				CLANG_WARN_UNREACHABLE_CODE = YES;
				CLANG_WARN__DUPLICATE_METHOD_MATCH = YES;
				COPY_PHASE_STRIP = NO;
				DEBUG_INFORMATION_FORMAT = "dwarf-with-dsym";
				ENABLE_NS_ASSERTIONS = NO;
				ENABLE_STRICT_OBJC_MSGSEND = YES;
				ENABLE_USER_SCRIPT_SANDBOXING = NO;
				GCC_C_LANGUAGE_STANDARD = gnu17;
				GCC_NO_COMMON_BLOCKS = YES;
				GCC_WARN_64_TO_32_BIT_CONVERSION = YES;
				GCC_WARN_ABOUT_RETURN_TYPE = YES_ERROR;
				GCC_WARN_UNDECLARED_SELECTOR = YES;
				GCC_WARN_UNINITIALIZED_AUTOS = YES_AGGRESSIVE;
				GCC_WARN_UNUSED_FUNCTION = YES;
				GCC_WARN_UNUSED_VARIABLE = YES;
				IPHONEOS_DEPLOYMENT_TARGET = 17.5;
				LOCALIZATION_PREFERS_STRING_CATALOGS = YES;
				MTL_ENABLE_DEBUG_INFO = NO;
				MTL_FAST_MATH = YES;
				SDKROOT = iphoneos;
				SWIFT_COMPILATION_MODE = wholemodule;
				VALIDATE_PRODUCT = YES;
			};
			name = Release;
		};
		0C9D54992C5F2B1F0075AC6D /* Debug */ = {
			isa = XCBuildConfiguration;
			baseConfigurationReference = 16C9F46D94BF6EE617BB823D /* Pods-Raven Rewards.debug.xcconfig */;
			buildSettings = {
				ASSETCATALOG_COMPILER_APPICON_NAME = AppIcon;
				ASSETCATALOG_COMPILER_GLOBAL_ACCENT_COLOR_NAME = AccentColor;
				CODE_SIGN_ENTITLEMENTS = "Raven Rewards/Raven Rewards.entitlements";
				"CODE_SIGN_IDENTITY[sdk=iphoneos*]" = "iPhone Developer";
				CODE_SIGN_STYLE = Manual;
				CURRENT_PROJECT_VERSION = 1.2;
				DEVELOPMENT_TEAM = "";
				"DEVELOPMENT_TEAM[sdk=iphoneos*]" = 6255JG66TL;
				GENERATE_INFOPLIST_FILE = YES;
				INFOPLIST_FILE = "Raven Rewards/Info.plist";
				INFOPLIST_KEY_CFBundleDisplayName = "Raven Rewards";
				INFOPLIST_KEY_LSApplicationCategoryType = "public.app-category.education";
				INFOPLIST_KEY_NSCameraUsageDescription = "We need the camera to scan QR codes";
				INFOPLIST_KEY_UIApplicationSupportsIndirectInputEvents = YES;
				INFOPLIST_KEY_UILaunchStoryboardName = LaunchScreen;
				INFOPLIST_KEY_UIMainStoryboardFile = Main;
				INFOPLIST_KEY_UISupportedInterfaceOrientations = UIInterfaceOrientationPortrait;
				INFOPLIST_KEY_UIUserInterfaceStyle = Light;
				IPHONEOS_DEPLOYMENT_TARGET = 15.0;
				LD_RUNPATH_SEARCH_PATHS = (
					"$(inherited)",
					"@executable_path/Frameworks",
				);
				MARKETING_VERSION = 1.2;
				PRODUCT_BUNDLE_IDENTIFIER = "com.ABoldt.Raven-Rewards";
				PRODUCT_NAME = "$(TARGET_NAME)";
				PROVISIONING_PROFILE_SPECIFIER = "";
				"PROVISIONING_PROFILE_SPECIFIER[sdk=iphoneos*]" = RRtester;
				SUPPORTED_PLATFORMS = "iphoneos iphonesimulator";
				SUPPORTS_MACCATALYST = NO;
				SUPPORTS_MAC_DESIGNED_FOR_IPHONE_IPAD = NO;
				SUPPORTS_XR_DESIGNED_FOR_IPHONE_IPAD = NO;
				SWIFT_EMIT_LOC_STRINGS = YES;
				SWIFT_VERSION = 5.0;
				TARGETED_DEVICE_FAMILY = 1;
			};
			name = Debug;
		};
		0C9D549A2C5F2B1F0075AC6D /* Release */ = {
			isa = XCBuildConfiguration;
			baseConfigurationReference = 38EB0AF4294E360B7066B385 /* Pods-Raven Rewards.release.xcconfig */;
			buildSettings = {
				ASSETCATALOG_COMPILER_APPICON_NAME = AppIcon;
				ASSETCATALOG_COMPILER_GLOBAL_ACCENT_COLOR_NAME = AccentColor;
				CODE_SIGN_ENTITLEMENTS = "Raven Rewards/Raven Rewards.entitlements";
				"CODE_SIGN_IDENTITY[sdk=iphoneos*]" = "iPhone Developer";
				CODE_SIGN_STYLE = Manual;
				CURRENT_PROJECT_VERSION = 1.2;
				DEVELOPMENT_TEAM = "";
				"DEVELOPMENT_TEAM[sdk=iphoneos*]" = 6255JG66TL;
				GENERATE_INFOPLIST_FILE = YES;
				INFOPLIST_FILE = "Raven Rewards/Info.plist";
				INFOPLIST_KEY_CFBundleDisplayName = "Raven Rewards";
				INFOPLIST_KEY_LSApplicationCategoryType = "public.app-category.education";
				INFOPLIST_KEY_NSCameraUsageDescription = "We need the camera to scan QR codes";
				INFOPLIST_KEY_UIApplicationSupportsIndirectInputEvents = YES;
				INFOPLIST_KEY_UILaunchStoryboardName = LaunchScreen;
				INFOPLIST_KEY_UIMainStoryboardFile = Main;
				INFOPLIST_KEY_UISupportedInterfaceOrientations = UIInterfaceOrientationPortrait;
				INFOPLIST_KEY_UIUserInterfaceStyle = Light;
				IPHONEOS_DEPLOYMENT_TARGET = 15.0;
				LD_RUNPATH_SEARCH_PATHS = (
					"$(inherited)",
					"@executable_path/Frameworks",
				);
				MARKETING_VERSION = 1.2;
				PRODUCT_BUNDLE_IDENTIFIER = "com.ABoldt.Raven-Rewards";
				PRODUCT_NAME = "$(TARGET_NAME)";
				PROVISIONING_PROFILE_SPECIFIER = "";
				"PROVISIONING_PROFILE_SPECIFIER[sdk=iphoneos*]" = RRtester;
				SUPPORTED_PLATFORMS = "iphoneos iphonesimulator";
				SUPPORTS_MACCATALYST = NO;
				SUPPORTS_MAC_DESIGNED_FOR_IPHONE_IPAD = NO;
				SUPPORTS_XR_DESIGNED_FOR_IPHONE_IPAD = NO;
				SWIFT_EMIT_LOC_STRINGS = YES;
				SWIFT_VERSION = 5.0;
				TARGETED_DEVICE_FAMILY = 1;
			};
			name = Release;
		};
		0C9D549C2C5F2B1F0075AC6D /* Debug */ = {
			isa = XCBuildConfiguration;
			buildSettings = {
				ALWAYS_EMBED_SWIFT_STANDARD_LIBRARIES = YES;
				BUNDLE_LOADER = "$(TEST_HOST)";
				CODE_SIGN_STYLE = Automatic;
				CURRENT_PROJECT_VERSION = 1;
				DEVELOPMENT_TEAM = W3S6N2R2GZ;
				GENERATE_INFOPLIST_FILE = YES;
				IPHONEOS_DEPLOYMENT_TARGET = 17.5;
				MARKETING_VERSION = 1.0;
				PRODUCT_BUNDLE_IDENTIFIER = "com.ABoldt.Raven-RewardsTests";
				PRODUCT_NAME = "$(TARGET_NAME)";
				SWIFT_EMIT_LOC_STRINGS = NO;
				SWIFT_VERSION = 5.0;
				TARGETED_DEVICE_FAMILY = "1,2";
				TEST_HOST = "$(BUILT_PRODUCTS_DIR)/Raven Rewards.app/$(BUNDLE_EXECUTABLE_FOLDER_PATH)/Raven Rewards";
			};
			name = Debug;
		};
		0C9D549D2C5F2B1F0075AC6D /* Release */ = {
			isa = XCBuildConfiguration;
			buildSettings = {
				ALWAYS_EMBED_SWIFT_STANDARD_LIBRARIES = YES;
				BUNDLE_LOADER = "$(TEST_HOST)";
				CODE_SIGN_STYLE = Automatic;
				CURRENT_PROJECT_VERSION = 1;
				DEVELOPMENT_TEAM = W3S6N2R2GZ;
				GENERATE_INFOPLIST_FILE = YES;
				IPHONEOS_DEPLOYMENT_TARGET = 17.5;
				MARKETING_VERSION = 1.0;
				PRODUCT_BUNDLE_IDENTIFIER = "com.ABoldt.Raven-RewardsTests";
				PRODUCT_NAME = "$(TARGET_NAME)";
				SWIFT_EMIT_LOC_STRINGS = NO;
				SWIFT_VERSION = 5.0;
				TARGETED_DEVICE_FAMILY = "1,2";
				TEST_HOST = "$(BUILT_PRODUCTS_DIR)/Raven Rewards.app/$(BUNDLE_EXECUTABLE_FOLDER_PATH)/Raven Rewards";
			};
			name = Release;
		};
		0C9D549F2C5F2B1F0075AC6D /* Debug */ = {
			isa = XCBuildConfiguration;
			buildSettings = {
				ALWAYS_EMBED_SWIFT_STANDARD_LIBRARIES = YES;
				CODE_SIGN_STYLE = Automatic;
				CURRENT_PROJECT_VERSION = 1;
				DEVELOPMENT_TEAM = W3S6N2R2GZ;
				GENERATE_INFOPLIST_FILE = YES;
				MARKETING_VERSION = 1.0;
				PRODUCT_BUNDLE_IDENTIFIER = "com.ABoldt.Raven-RewardsUITests";
				PRODUCT_NAME = "$(TARGET_NAME)";
				SWIFT_EMIT_LOC_STRINGS = NO;
				SWIFT_VERSION = 5.0;
				TARGETED_DEVICE_FAMILY = "1,2";
				TEST_TARGET_NAME = "Raven Rewards";
			};
			name = Debug;
		};
		0C9D54A02C5F2B1F0075AC6D /* Release */ = {
			isa = XCBuildConfiguration;
			buildSettings = {
				ALWAYS_EMBED_SWIFT_STANDARD_LIBRARIES = YES;
				CODE_SIGN_STYLE = Automatic;
				CURRENT_PROJECT_VERSION = 1;
				DEVELOPMENT_TEAM = W3S6N2R2GZ;
				GENERATE_INFOPLIST_FILE = YES;
				MARKETING_VERSION = 1.0;
				PRODUCT_BUNDLE_IDENTIFIER = "com.ABoldt.Raven-RewardsUITests";
				PRODUCT_NAME = "$(TARGET_NAME)";
				SWIFT_EMIT_LOC_STRINGS = NO;
				SWIFT_VERSION = 5.0;
				TARGETED_DEVICE_FAMILY = "1,2";
				TEST_TARGET_NAME = "Raven Rewards";
			};
			name = Release;
		};
/* End XCBuildConfiguration section */

/* Begin XCConfigurationList section */
		0C9D54692C5F2B1D0075AC6D /* Build configuration list for PBXProject "Raven Rewards" */ = {
			isa = XCConfigurationList;
			buildConfigurations = (
				0C9D54962C5F2B1F0075AC6D /* Debug */,
				0C9D54972C5F2B1F0075AC6D /* Release */,
			);
			defaultConfigurationIsVisible = 0;
			defaultConfigurationName = Release;
		};
		0C9D54982C5F2B1F0075AC6D /* Build configuration list for PBXNativeTarget "Raven Rewards" */ = {
			isa = XCConfigurationList;
			buildConfigurations = (
				0C9D54992C5F2B1F0075AC6D /* Debug */,
				0C9D549A2C5F2B1F0075AC6D /* Release */,
			);
			defaultConfigurationIsVisible = 0;
			defaultConfigurationName = Release;
		};
		0C9D549B2C5F2B1F0075AC6D /* Build configuration list for PBXNativeTarget "Raven RewardsTests" */ = {
			isa = XCConfigurationList;
			buildConfigurations = (
				0C9D549C2C5F2B1F0075AC6D /* Debug */,
				0C9D549D2C5F2B1F0075AC6D /* Release */,
			);
			defaultConfigurationIsVisible = 0;
			defaultConfigurationName = Release;
		};
		0C9D549E2C5F2B1F0075AC6D /* Build configuration list for PBXNativeTarget "Raven RewardsUITests" */ = {
			isa = XCConfigurationList;
			buildConfigurations = (
				0C9D549F2C5F2B1F0075AC6D /* Debug */,
				0C9D54A02C5F2B1F0075AC6D /* Release */,
			);
			defaultConfigurationIsVisible = 0;
			defaultConfigurationName = Release;
		};
/* End XCConfigurationList section */

/* Begin XCRemoteSwiftPackageReference section */
		0C45BDBD2CF45EE900C12BA0 /* XCRemoteSwiftPackageReference "CodeScanner" */ = {
			isa = XCRemoteSwiftPackageReference;
			repositoryURL = "https://github.com/twostraws/CodeScanner";
			requirement = {
				kind = upToNextMajorVersion;
				minimumVersion = 2.5.1;
			};
		};
		0CEB6F7D2CFB094900C81CC0 /* XCRemoteSwiftPackageReference "SDWebImageSwiftUI" */ = {
			isa = XCRemoteSwiftPackageReference;
			repositoryURL = "https://github.com/SDWebImage/SDWebImageSwiftUI.git";
			requirement = {
				kind = upToNextMajorVersion;
				minimumVersion = 3.1.3;
			};
		};
		0CF0C73F2C602E85001209F0 /* XCRemoteSwiftPackageReference "firebase-ios-sdk" */ = {
			isa = XCRemoteSwiftPackageReference;
			repositoryURL = "https://github.com/firebase/firebase-ios-sdk";
			requirement = {
				kind = upToNextMajorVersion;
				minimumVersion = 11.0.0;
			};
		};
/* End XCRemoteSwiftPackageReference section */

/* Begin XCSwiftPackageProductDependency section */
		0C45BDBE2CF460C600C12BA0 /* CodeScanner */ = {
			isa = XCSwiftPackageProductDependency;
			package = 0C45BDBD2CF45EE900C12BA0 /* XCRemoteSwiftPackageReference "CodeScanner" */;
			productName = CodeScanner;
		};
		0CEB6F7E2CFB094900C81CC0 /* SDWebImageSwiftUI */ = {
			isa = XCSwiftPackageProductDependency;
			package = 0CEB6F7D2CFB094900C81CC0 /* XCRemoteSwiftPackageReference "SDWebImageSwiftUI" */;
			productName = SDWebImageSwiftUI;
		};
/* End XCSwiftPackageProductDependency section */
	};
	rootObject = 0C9D54662C5F2B1D0075AC6D /* Project object */;
}
